lockfileVersion: '9.0'

settings:
  autoInstallPeers: true
  excludeLinksFromLockfile: false

importers:

  .: {}

  packages/pkg-a: {}

  packages/pkg-b:
    dependencies:
      fixture-pnpm-a:
        specifier: workspace:*
        version: link:../pkg-a

  packages/pkg-c:
    dependencies:
      fixture-pnpm-b:
        specifier: workspace:*
        version: link:../pkg-b
